
Microsoft Visual Studio Solution File, Format Version 12.00
# Visual Studio 2013
VisualStudioVersion = 12.0.31101.0
MinimumVisualStudioVersion = 10.0.40219.1
Project("{FAE04EC0-301F-11D3-BF4B-00C04F79EFBC}") = "Thrust.NET", "Thrust.NET\Thrust.NET.csproj", "{E5D997FA-3A38-4AFB-8680-0FB68FF7D604}"
EndProject
Project("{FAE04EC0-301F-11D3-BF4B-00C04F79EFBC}") = "Example", "Example\Example.csproj", "{3AE2967B-9F51-4F86-AD02-D9820DED659D}"
EndProject
Global
	GlobalSection(SolutionConfigurationPlatforms) = preSolution
		Debug|Any CPU = Debug|Any CPU
		Release|Any CPU = Release|Any CPU
	EndGlobalSection
	GlobalSection(ProjectConfigurationPlatforms) = postSolution
		{E5D997FA-3A38-4AFB-8680-0FB68FF7D604}.Debug|Any CPU.ActiveCfg = Debug|Any CPU
		{E5D997FA-3A38-4AFB-8680-0FB68FF7D604}.Debug|Any CPU.Build.0 = Debug|Any CPU
		{E5D997FA-3A38-4AFB-8680-0FB68FF7D604}.Release|Any CPU.ActiveCfg = Release|Any CPU
		{E5D997FA-3A38-4AFB-8680-0FB68FF7D604}.Release|Any CPU.Build.0 = Release|Any CPU
		{3AE2967B-9F51-4F86-AD02-D9820DED659D}.Debug|Any CPU.ActiveCfg = Debug|Any CPU
		{3AE2967B-9F51-4F86-AD02-D9820DED659D}.Debug|Any CPU.Build.0 = Debug|Any CPU
		{3AE2967B-9F51-4F86-AD02-D9820DED659D}.Release|Any CPU.ActiveCfg = Release|Any CPU
		{3AE2967B-9F51-4F86-AD02-D9820DED659D}.Release|Any CPU.Build.0 = Release|Any CPU
	EndGlobalSection
	GlobalSection(SolutionProperties) = preSolution
		HideSolutionNode = FALSE
	EndGlobalSection
EndGlobal
